
Microsoft Visual Studio Solution File, Format Version 11.00
# Visual Studio 2010
Project("{FAE04EC0-301F-11D3-BF4B-00C04F79EFBC}") = "DemoRelyingParty", "DemoRelyingParty\DemoRelyingParty.csproj", "{B3427268-71D2-4B55-BFC6-BFFFB0D90F4F}"
EndProject
Project("{E24C65DC-7377-472B-9ABA-BC803B73C61A}") = "DemoRelyingParty_STS", "DemoRelyingParty_STS", "{04F175BC-AE92-4345-A0D4-2714891E6CDF}"
	ProjectSection(WebsiteProperties) = preProject
		TargetFrameworkMoniker = ".NETFramework,Version%3Dv4.0"
		ProjectReferences = "{7D084643-1199-4918-B6A3-5E16690E19DF}|GdNet.Accounts.dll;"
		Debug.AspNetCompiler.VirtualPath = "/DemoRelyingParty_STS"
		Debug.AspNetCompiler.PhysicalPath = "DemoRelyingParty_STS\"
		Debug.AspNetCompiler.TargetPath = "PrecompiledWeb\DemoRelyingParty_STS\"
		Debug.AspNetCompiler.Updateable = "true"
		Debug.AspNetCompiler.ForceOverwrite = "true"
		Debug.AspNetCompiler.FixedNames = "false"
		Debug.AspNetCompiler.Debug = "True"
		Release.AspNetCompiler.VirtualPath = "/DemoRelyingParty_STS"
		Release.AspNetCompiler.PhysicalPath = "DemoRelyingParty_STS\"
		Release.AspNetCompiler.TargetPath = "PrecompiledWeb\DemoRelyingParty_STS\"
		Release.AspNetCompiler.Updateable = "true"
		Release.AspNetCompiler.ForceOverwrite = "true"
		Release.AspNetCompiler.FixedNames = "false"
		Release.AspNetCompiler.Debug = "False"
		VWDPort = "57695"
		DefaultWebSiteLanguage = "Visual C#"
	EndProjectSection
EndProject
Project("{FAE04EC0-301F-11D3-BF4B-00C04F79EFBC}") = "GdNet.Claims", "GdNet.Claims\GdNet.Claims.csproj", "{4E0441C6-4AD7-4895-9C22-67AC5BD88A02}"
EndProject
Project("{FAE04EC0-301F-11D3-BF4B-00C04F79EFBC}") = "GdNet.Accounts", "GdNet.Accounts\GdNet.Accounts.csproj", "{7D084643-1199-4918-B6A3-5E16690E19DF}"
EndProject
Global
	GlobalSection(SolutionConfigurationPlatforms) = preSolution
		Debug|Any CPU = Debug|Any CPU
		Release|Any CPU = Release|Any CPU
	EndGlobalSection
	GlobalSection(ProjectConfigurationPlatforms) = postSolution
		{B3427268-71D2-4B55-BFC6-BFFFB0D90F4F}.Debug|Any CPU.ActiveCfg = Debug|Any CPU
		{B3427268-71D2-4B55-BFC6-BFFFB0D90F4F}.Debug|Any CPU.Build.0 = Debug|Any CPU
		{B3427268-71D2-4B55-BFC6-BFFFB0D90F4F}.Release|Any CPU.ActiveCfg = Release|Any CPU
		{B3427268-71D2-4B55-BFC6-BFFFB0D90F4F}.Release|Any CPU.Build.0 = Release|Any CPU
		{04F175BC-AE92-4345-A0D4-2714891E6CDF}.Debug|Any CPU.ActiveCfg = Debug|Any CPU
		{04F175BC-AE92-4345-A0D4-2714891E6CDF}.Debug|Any CPU.Build.0 = Debug|Any CPU
		{04F175BC-AE92-4345-A0D4-2714891E6CDF}.Release|Any CPU.ActiveCfg = Debug|Any CPU
		{04F175BC-AE92-4345-A0D4-2714891E6CDF}.Release|Any CPU.Build.0 = Debug|Any CPU
		{4E0441C6-4AD7-4895-9C22-67AC5BD88A02}.Debug|Any CPU.ActiveCfg = Debug|Any CPU
		{4E0441C6-4AD7-4895-9C22-67AC5BD88A02}.Debug|Any CPU.Build.0 = Debug|Any CPU
		{4E0441C6-4AD7-4895-9C22-67AC5BD88A02}.Release|Any CPU.ActiveCfg = Release|Any CPU
		{4E0441C6-4AD7-4895-9C22-67AC5BD88A02}.Release|Any CPU.Build.0 = Release|Any CPU
		{7D084643-1199-4918-B6A3-5E16690E19DF}.Debug|Any CPU.ActiveCfg = Debug|Any CPU
		{7D084643-1199-4918-B6A3-5E16690E19DF}.Debug|Any CPU.Build.0 = Debug|Any CPU
		{7D084643-1199-4918-B6A3-5E16690E19DF}.Release|Any CPU.ActiveCfg = Release|Any CPU
		{7D084643-1199-4918-B6A3-5E16690E19DF}.Release|Any CPU.Build.0 = Release|Any CPU
	EndGlobalSection
	GlobalSection(SolutionProperties) = preSolution
		HideSolutionNode = FALSE
	EndGlobalSection
EndGlobal
